
Microsoft Visual Studio Solution File, Format Version 12.00
# Visual Studio Version 16
VisualStudioVersion = 16.0.29519.87
MinimumVisualStudioVersion = 10.0.40219.1
Project("{8BC9CEB8-8B4A-11D0-8D11-00A0C91BC942}") = "AdventOfCodeCLI1-1", "AdventOfCodeCLI\AdventOfCodeCLI.vcxproj", "{B7E80EA3-813B-43D1-8F1C-C85B0439CC51}"
EndProject
Project("{2150E333-8FDC-42A3-9474-1A3956D46DE8}") = "Testing", "Testing", "{E4FABEC2-E4F1-445E-9D80-07677C133992}"
EndProject
Project("{8BC9CEB8-8B4A-11D0-8D11-00A0C91BC942}") = "Day1Tests", "Day1Tests\Day1Tests.vcxproj", "{04EBB1FC-CC29-44A9-AEF3-D2C6C80DE2BA}"
EndProject
Project("{8BC9CEB8-8B4A-11D0-8D11-00A0C91BC942}") = "AdventOfCodeLib", "AdventOfCodeLib\AdventOfCodeLib.vcxproj", "{F16FC390-796D-417D-A1FF-4ED19C7EA96E}"
EndProject
Project("{2150E333-8FDC-42A3-9474-1A3956D46DE8}") = "Day1", "Day1", "{3C1D42F7-EFF5-4D34-96B2-5F1B4B878C07}"
EndProject
Project("{8BC9CEB8-8B4A-11D0-8D11-00A0C91BC942}") = "AdventOfCode1-2", "Day1\AdventOfCode1-2\AdventOfCode1-2.vcxproj", "{1892C6EB-7335-4F9B-8580-BD1AEE702038}"
EndProject
Project("{2150E333-8FDC-42A3-9474-1A3956D46DE8}") = "Day2", "Day2", "{6E35E7AB-3160-463E-A88F-DD81987D286E}"
EndProject
Project("{8BC9CEB8-8B4A-11D0-8D11-00A0C91BC942}") = "IntCodeTests", "IntCodeTests\IntCodeTests.vcxproj", "{02A6AE67-C97D-46F7-8E54-B2FDEF9EBFF9}"
EndProject
Project("{8BC9CEB8-8B4A-11D0-8D11-00A0C91BC942}") = "IntCodeCLI2-1", "..\Day2\src\IntCodeCLI2-1\IntCodeCLI2-1.vcxproj", "{BFA954C1-078E-42E6-ADA1-40C877FA02F7}"
EndProject
Global
	GlobalSection(SolutionConfigurationPlatforms) = preSolution
		Debug|x64 = Debug|x64
		Debug|x86 = Debug|x86
		Release|x64 = Release|x64
		Release|x86 = Release|x86
	EndGlobalSection
	GlobalSection(ProjectConfigurationPlatforms) = postSolution
		{B7E80EA3-813B-43D1-8F1C-C85B0439CC51}.Debug|x64.ActiveCfg = Debug|x64
		{B7E80EA3-813B-43D1-8F1C-C85B0439CC51}.Debug|x64.Build.0 = Debug|x64
		{B7E80EA3-813B-43D1-8F1C-C85B0439CC51}.Debug|x86.ActiveCfg = Debug|Win32
		{B7E80EA3-813B-43D1-8F1C-C85B0439CC51}.Debug|x86.Build.0 = Debug|Win32
		{B7E80EA3-813B-43D1-8F1C-C85B0439CC51}.Release|x64.ActiveCfg = Release|x64
		{B7E80EA3-813B-43D1-8F1C-C85B0439CC51}.Release|x64.Build.0 = Release|x64
		{B7E80EA3-813B-43D1-8F1C-C85B0439CC51}.Release|x86.ActiveCfg = Release|Win32
		{B7E80EA3-813B-43D1-8F1C-C85B0439CC51}.Release|x86.Build.0 = Release|Win32
		{04EBB1FC-CC29-44A9-AEF3-D2C6C80DE2BA}.Debug|x64.ActiveCfg = Debug|x64
		{04EBB1FC-CC29-44A9-AEF3-D2C6C80DE2BA}.Debug|x64.Build.0 = Debug|x64
		{04EBB1FC-CC29-44A9-AEF3-D2C6C80DE2BA}.Debug|x86.ActiveCfg = Debug|Win32
		{04EBB1FC-CC29-44A9-AEF3-D2C6C80DE2BA}.Debug|x86.Build.0 = Debug|Win32
		{04EBB1FC-CC29-44A9-AEF3-D2C6C80DE2BA}.Release|x64.ActiveCfg = Release|x64
		{04EBB1FC-CC29-44A9-AEF3-D2C6C80DE2BA}.Release|x64.Build.0 = Release|x64
		{04EBB1FC-CC29-44A9-AEF3-D2C6C80DE2BA}.Release|x86.ActiveCfg = Release|Win32
		{04EBB1FC-CC29-44A9-AEF3-D2C6C80DE2BA}.Release|x86.Build.0 = Release|Win32
		{F16FC390-796D-417D-A1FF-4ED19C7EA96E}.Debug|x64.ActiveCfg = Debug|x64
		{F16FC390-796D-417D-A1FF-4ED19C7EA96E}.Debug|x64.Build.0 = Debug|x64
		{F16FC390-796D-417D-A1FF-4ED19C7EA96E}.Debug|x86.ActiveCfg = Debug|Win32
		{F16FC390-796D-417D-A1FF-4ED19C7EA96E}.Debug|x86.Build.0 = Debug|Win32
		{F16FC390-796D-417D-A1FF-4ED19C7EA96E}.Release|x64.ActiveCfg = Release|x64
		{F16FC390-796D-417D-A1FF-4ED19C7EA96E}.Release|x64.Build.0 = Release|x64
		{F16FC390-796D-417D-A1FF-4ED19C7EA96E}.Release|x86.ActiveCfg = Release|Win32
		{F16FC390-796D-417D-A1FF-4ED19C7EA96E}.Release|x86.Build.0 = Release|Win32
		{1892C6EB-7335-4F9B-8580-BD1AEE702038}.Debug|x64.ActiveCfg = Debug|x64
		{1892C6EB-7335-4F9B-8580-BD1AEE702038}.Debug|x64.Build.0 = Debug|x64
		{1892C6EB-7335-4F9B-8580-BD1AEE702038}.Debug|x86.ActiveCfg = Debug|Win32
		{1892C6EB-7335-4F9B-8580-BD1AEE702038}.Debug|x86.Build.0 = Debug|Win32
		{1892C6EB-7335-4F9B-8580-BD1AEE702038}.Release|x64.ActiveCfg = Release|x64
		{1892C6EB-7335-4F9B-8580-BD1AEE702038}.Release|x64.Build.0 = Release|x64
		{1892C6EB-7335-4F9B-8580-BD1AEE702038}.Release|x86.ActiveCfg = Release|Win32
		{1892C6EB-7335-4F9B-8580-BD1AEE702038}.Release|x86.Build.0 = Release|Win32
		{02A6AE67-C97D-46F7-8E54-B2FDEF9EBFF9}.Debug|x64.ActiveCfg = Debug|x64
		{02A6AE67-C97D-46F7-8E54-B2FDEF9EBFF9}.Debug|x64.Build.0 = Debug|x64
		{02A6AE67-C97D-46F7-8E54-B2FDEF9EBFF9}.Debug|x86.ActiveCfg = Debug|Win32
		{02A6AE67-C97D-46F7-8E54-B2FDEF9EBFF9}.Debug|x86.Build.0 = Debug|Win32
		{02A6AE67-C97D-46F7-8E54-B2FDEF9EBFF9}.Release|x64.ActiveCfg = Release|x64
		{02A6AE67-C97D-46F7-8E54-B2FDEF9EBFF9}.Release|x64.Build.0 = Release|x64
		{02A6AE67-C97D-46F7-8E54-B2FDEF9EBFF9}.Release|x86.ActiveCfg = Release|Win32
		{02A6AE67-C97D-46F7-8E54-B2FDEF9EBFF9}.Release|x86.Build.0 = Release|Win32
		{BFA954C1-078E-42E6-ADA1-40C877FA02F7}.Debug|x64.ActiveCfg = Debug|x64
		{BFA954C1-078E-42E6-ADA1-40C877FA02F7}.Debug|x64.Build.0 = Debug|x64
		{BFA954C1-078E-42E6-ADA1-40C877FA02F7}.Debug|x86.ActiveCfg = Debug|Win32
		{BFA954C1-078E-42E6-ADA1-40C877FA02F7}.Debug|x86.Build.0 = Debug|Win32
		{BFA954C1-078E-42E6-ADA1-40C877FA02F7}.Release|x64.ActiveCfg = Release|x64
		{BFA954C1-078E-42E6-ADA1-40C877FA02F7}.Release|x64.Build.0 = Release|x64
		{BFA954C1-078E-42E6-ADA1-40C877FA02F7}.Release|x86.ActiveCfg = Release|Win32
		{BFA954C1-078E-42E6-ADA1-40C877FA02F7}.Release|x86.Build.0 = Release|Win32
	EndGlobalSection
	GlobalSection(SolutionProperties) = preSolution
		HideSolutionNode = FALSE
	EndGlobalSection
	GlobalSection(NestedProjects) = preSolution
		{B7E80EA3-813B-43D1-8F1C-C85B0439CC51} = {3C1D42F7-EFF5-4D34-96B2-5F1B4B878C07}
		{04EBB1FC-CC29-44A9-AEF3-D2C6C80DE2BA} = {E4FABEC2-E4F1-445E-9D80-07677C133992}
		{1892C6EB-7335-4F9B-8580-BD1AEE702038} = {3C1D42F7-EFF5-4D34-96B2-5F1B4B878C07}
		{02A6AE67-C97D-46F7-8E54-B2FDEF9EBFF9} = {E4FABEC2-E4F1-445E-9D80-07677C133992}
		{BFA954C1-078E-42E6-ADA1-40C877FA02F7} = {6E35E7AB-3160-463E-A88F-DD81987D286E}
	EndGlobalSection
	GlobalSection(ExtensibilityGlobals) = postSolution
		SolutionGuid = {31095971-623F-4141-B0C3-62C3A5261534}
	EndGlobalSection
EndGlobal
